// !$*UTF8*$!
{
	archiveVersion = 1;
	classes = {
	};
	objectVersion = 55;
	objects = {

/* Begin PBXBuildFile section */
		0028E018294A801E0088831A /* WidgetApp.swift in Sources */ = {isa = PBXBuildFile; fileRef = 0028E017294A801E0088831A /* WidgetApp.swift */; };
		0028E01A294A801E0088831A /* ContentView.swift in Sources */ = {isa = PBXBuildFile; fileRef = 0028E019294A801E0088831A /* ContentView.swift */; };
		0028E01C294A80200088831A /* Assets.xcassets in Resources */ = {isa = PBXBuildFile; fileRef = 0028E01B294A80200088831A /* Assets.xcassets */; };
		0028E01F294A80200088831A /* Preview Assets.xcassets in Resources */ = {isa = PBXBuildFile; fileRef = 0028E01E294A80200088831A /* Preview Assets.xcassets */; };
		0028E02C294A80AE0088831A /* WidgetKit.framework in Frameworks */ = {isa = PBXBuildFile; fileRef = 0028E02B294A80AE0088831A /* WidgetKit.framework */; };
		0028E02E294A80AE0088831A /* SwiftUI.framework in Frameworks */ = {isa = PBXBuildFile; fileRef = 0028E02D294A80AE0088831A /* SwiftUI.framework */; };
		0028E031294A80AE0088831A /* firstWidget.swift in Sources */ = {isa = PBXBuildFile; fileRef = 0028E030294A80AE0088831A /* firstWidget.swift */; };
		0028E033294A80AF0088831A /* Assets.xcassets in Resources */ = {isa = PBXBuildFile; fileRef = 0028E032294A80AF0088831A /* Assets.xcassets */; };
		0028E037294A80AF0088831A /* firstWidgetExtension.appex in Embed App Extensions */ = {isa = PBXBuildFile; fileRef = 0028E029294A80AE0088831A /* firstWidgetExtension.appex */; settings = {ATTRIBUTES = (RemoveHeadersOnCopy, ); }; };
/* End PBXBuildFile section */

/* Begin PBXContainerItemProxy section */
		0028E035294A80AF0088831A /* PBXContainerItemProxy */ = {
			isa = PBXContainerItemProxy;
			containerPortal = 0028E00C294A801E0088831A /* Project object */;
			proxyType = 1;
			remoteGlobalIDString = 0028E028294A80AE0088831A;
			remoteInfo = firstWidgetExtension;
		};
/* End PBXContainerItemProxy section */

/* Begin PBXCopyFilesBuildPhase section */
		0028E03B294A80AF0088831A /* Embed App Extensions */ = {
			isa = PBXCopyFilesBuildPhase;
			buildActionMask = 2147483647;
			dstPath = "";
			dstSubfolderSpec = 13;
			files = (
				0028E037294A80AF0088831A /* firstWidgetExtension.appex in Embed App Extensions */,
			);
			name = "Embed App Extensions";
			runOnlyForDeploymentPostprocessing = 0;
		};
/* End PBXCopyFilesBuildPhase section */

/* Begin PBXFileReference section */
		0028E014294A801E0088831A /* Widget.app */ = {isa = PBXFileReference; explicitFileType = wrapper.application; includeInIndex = 0; path = Widget.app; sourceTree = BUILT_PRODUCTS_DIR; };
		0028E017294A801E0088831A /* WidgetApp.swift */ = {isa = PBXFileReference; lastKnownFileType = sourcecode.swift; path = WidgetApp.swift; sourceTree = "<group>"; };
		0028E019294A801E0088831A /* ContentView.swift */ = {isa = PBXFileReference; lastKnownFileType = sourcecode.swift; path = ContentView.swift; sourceTree = "<group>"; };
		0028E01B294A80200088831A /* Assets.xcassets */ = {isa = PBXFileReference; lastKnownFileType = folder.assetcatalog; path = Assets.xcassets; sourceTree = "<group>"; };
		0028E01E294A80200088831A /* Preview Assets.xcassets */ = {isa = PBXFileReference; lastKnownFileType = folder.assetcatalog; path = "Preview Assets.xcassets"; sourceTree = "<group>"; };
		0028E029294A80AE0088831A /* firstWidgetExtension.appex */ = {isa = PBXFileReference; explicitFileType = "wrapper.app-extension"; includeInIndex = 0; path = firstWidgetExtension.appex; sourceTree = BUILT_PRODUCTS_DIR; };
		0028E02B294A80AE0088831A /* WidgetKit.framework */ = {isa = PBXFileReference; lastKnownFileType = wrapper.framework; name = WidgetKit.framework; path = System/Library/Frameworks/WidgetKit.framework; sourceTree = SDKROOT; };
		0028E02D294A80AE0088831A /* SwiftUI.framework */ = {isa = PBXFileReference; lastKnownFileType = wrapper.framework; name = SwiftUI.framework; path = System/Library/Frameworks/SwiftUI.framework; sourceTree = SDKROOT; };
		0028E030294A80AE0088831A /* firstWidget.swift */ = {isa = PBXFileReference; lastKnownFileType = sourcecode.swift; path = firstWidget.swift; sourceTree = "<group>"; };
		0028E032294A80AF0088831A /* Assets.xcassets */ = {isa = PBXFileReference; lastKnownFileType = folder.assetcatalog; path = Assets.xcassets; sourceTree = "<group>"; };
		0028E034294A80AF0088831A /* Info.plist */ = {isa = PBXFileReference; lastKnownFileType = text.plist.xml; path = Info.plist; sourceTree = "<group>"; };
/* End PBXFileReference section */

/* Begin PBXFrameworksBuildPhase section */
		0028E011294A801E0088831A /* Frameworks */ = {
			isa = PBXFrameworksBuildPhase;
			buildActionMask = 2147483647;
			files = (
			);
			runOnlyForDeploymentPostprocessing = 0;
		};
		0028E026294A80AE0088831A /* Frameworks */ = {
			isa = PBXFrameworksBuildPhase;
			buildActionMask = 2147483647;
			files = (
				0028E02E294A80AE0088831A /* SwiftUI.framework in Frameworks */,
				0028E02C294A80AE0088831A /* WidgetKit.framework in Frameworks */,
			);
			runOnlyForDeploymentPostprocessing = 0;
		};
/* End PBXFrameworksBuildPhase section */

/* Begin PBXGroup section */
		0028E00B294A801E0088831A = {
			isa = PBXGroup;
			children = (
				0028E016294A801E0088831A /* Widget */,
				0028E02F294A80AE0088831A /* firstWidget */,
				0028E02A294A80AE0088831A /* Frameworks */,
				0028E015294A801E0088831A /* Products */,
			);
			sourceTree = "<group>";
		};
		0028E015294A801E0088831A /* Products */ = {
			isa = PBXGroup;
			children = (
				0028E014294A801E0088831A /* Widget.app */,
				0028E029294A80AE0088831A /* firstWidgetExtension.appex */,
			);
			name = Products;
			sourceTree = "<group>";
		};
		0028E016294A801E0088831A /* Widget */ = {
			isa = PBXGroup;
			children = (
				0028E017294A801E0088831A /* WidgetApp.swift */,
				0028E019294A801E0088831A /* ContentView.swift */,
				0028E01B294A80200088831A /* Assets.xcassets */,
				0028E01D294A80200088831A /* Preview Content */,
			);
			path = Widget;
			sourceTree = "<group>";
		};
		0028E01D294A80200088831A /* Preview Content */ = {
			isa = PBXGroup;
			children = (
				0028E01E294A80200088831A /* Preview Assets.xcassets */,
			);
			path = "Preview Content";
			sourceTree = "<group>";
		};
		0028E02A294A80AE0088831A /* Frameworks */ = {
			isa = PBXGroup;
			children = (
				0028E02B294A80AE0088831A /* WidgetKit.framework */,
				0028E02D294A80AE0088831A /* SwiftUI.framework */,
			);
			name = Frameworks;
			sourceTree = "<group>";
		};
		0028E02F294A80AE0088831A /* firstWidget */ = {
			isa = PBXGroup;
			children = (
				0028E030294A80AE0088831A /* firstWidget.swift */,
				0028E032294A80AF0088831A /* Assets.xcassets */,
				0028E034294A80AF0088831A /* Info.plist */,
			);
			path = firstWidget;
			sourceTree = "<group>";
		};
/* End PBXGroup section */

/* Begin PBXNativeTarget section */
		0028E013294A801E0088831A /* Widget */ = {
			isa = PBXNativeTarget;
			buildConfigurationList = 0028E022294A80200088831A /* Build configuration list for PBXNativeTarget "Widget" */;
			buildPhases = (
				0028E010294A801E0088831A /* Sources */,
				0028E011294A801E0088831A /* Frameworks */,
				0028E012294A801E0088831A /* Resources */,
				0028E03B294A80AF0088831A /* Embed App Extensions */,
			);
			buildRules = (
			);
			dependencies = (
				0028E036294A80AF0088831A /* PBXTargetDependency */,
			);
			name = Widget;
			productName = Widget;
			productReference = 0028E014294A801E0088831A /* Widget.app */;
			productType = "com.apple.product-type.application";
		};
		0028E028294A80AE0088831A /* firstWidgetExtension */ = {
			isa = PBXNativeTarget;
			buildConfigurationList = 0028E038294A80AF0088831A /* Build configuration list for PBXNativeTarget "firstWidgetExtension" */;
			buildPhases = (
				0028E025294A80AE0088831A /* Sources */,
				0028E026294A80AE0088831A /* Frameworks */,
				0028E027294A80AE0088831A /* Resources */,
			);
			buildRules = (
			);
			dependencies = (
			);
			name = firstWidgetExtension;
			productName = firstWidgetExtension;
			productReference = 0028E029294A80AE0088831A /* firstWidgetExtension.appex */;
			productType = "com.apple.product-type.app-extension";
		};
/* End PBXNativeTarget section */

/* Begin PBXProject section */
		0028E00C294A801E0088831A /* Project object */ = {
			isa = PBXProject;
			attributes = {
				BuildIndependentTargetsInParallel = 1;
				LastSwiftUpdateCheck = 1340;
				LastUpgradeCheck = 1340;
				TargetAttributes = {
					0028E013294A801E0088831A = {
						CreatedOnToolsVersion = 13.4.1;
					};
					0028E028294A80AE0088831A = {
						CreatedOnToolsVersion = 13.4.1;
					};
				};
			};
			buildConfigurationList = 0028E00F294A801E0088831A /* Build configuration list for PBXProject "Widget" */;
			compatibilityVersion = "Xcode 13.0";
			developmentRegion = en;
			hasScannedForEncodings = 0;
			knownRegions = (
				en,
				Base,
			);
			mainGroup = 0028E00B294A801E0088831A;
			productRefGroup = 0028E015294A801E0088831A /* Products */;
			projectDirPath = "";
			projectRoot = "";
			targets = (
				0028E013294A801E0088831A /* Widget */,
				0028E028294A80AE0088831A /* firstWidgetExtension */,
			);
		};
/* End PBXProject section */

/* Begin PBXResourcesBuildPhase section */
		0028E012294A801E0088831A /* Resources */ = {
			isa = PBXResourcesBuildPhase;
			buildActionMask = 2147483647;
			files = (
				0028E01F294A80200088831A /* Preview Assets.xcassets in Resources */,
				0028E01C294A80200088831A /* Assets.xcassets in Resources */,
			);
			runOnlyForDeploymentPostprocessing = 0;
		};
		0028E027294A80AE0088831A /* Resources */ = {
			isa = PBXResourcesBuildPhase;
			buildActionMask = 2147483647;
			files = (
				0028E033294A80AF0088831A /* Assets.xcassets in Resources */,
			);
			runOnlyForDeploymentPostprocessing = 0;
		};
/* End PBXResourcesBuildPhase section */

/* Begin PBXSourcesBuildPhase section */
		0028E010294A801E0088831A /* Sources */ = {
			isa = PBXSourcesBuildPhase;
			buildActionMask = 2147483647;
			files = (
				0028E01A294A801E0088831A /* ContentView.swift in Sources */,
				0028E018294A801E0088831A /* WidgetApp.swift in Sources */,
			);
			runOnlyForDeploymentPostprocessing = 0;
		};
		0028E025294A80AE0088831A /* Sources */ = {
			isa = PBXSourcesBuildPhase;
			buildActionMask = 2147483647;
			files = (
				0028E031294A80AE0088831A /* firstWidget.swift in Sources */,
			);
			runOnlyForDeploymentPostprocessing = 0;
		};
/* End PBXSourcesBuildPhase section */

/* Begin PBXTargetDependency section */
		0028E036294A80AF0088831A /* PBXTargetDependency */ = {
			isa = PBXTargetDependency;
			target = 0028E028294A80AE0088831A /* firstWidgetExtension */;
			targetProxy = 0028E035294A80AF0088831A /* PBXContainerItemProxy */;
		};
/* End PBXTargetDependency section */

/* Begin XCBuildConfiguration section */
		0028E020294A80200088831A /* Debug */ = {
			isa = XCBuildConfiguration;
			buildSettings = {
				ALWAYS_SEARCH_USER_PATHS = NO;
				CLANG_ANALYZER_NONNULL = YES;
				CLANG_ANALYZER_NUMBER_OBJECT_CONVERSION = YES_AGGRESSIVE;
				CLANG_CXX_LANGUAGE_STANDARD = "gnu++17";
				CLANG_ENABLE_MODULES = YES;
				CLANG_ENABLE_OBJC_ARC = YES;
				CLANG_ENABLE_OBJC_WEAK = YES;
				CLANG_WARN_BLOCK_CAPTURE_AUTORELEASING = YES;
				CLANG_WARN_BOOL_CONVERSION = YES;
				CLANG_WARN_COMMA = YES;
				CLANG_WARN_CONSTANT_CONVERSION = YES;
				CLANG_WARN_DEPRECATED_OBJC_IMPLEMENTATIONS = YES;
				CLANG_WARN_DIRECT_OBJC_ISA_USAGE = YES_ERROR;
				CLANG_WARN_DOCUMENTATION_COMMENTS = YES;
				CLANG_WARN_EMPTY_BODY = YES;
				CLANG_WARN_ENUM_CONVERSION = YES;
				CLANG_WARN_INFINITE_RECURSION = YES;
				CLANG_WARN_INT_CONVERSION = YES;
				CLANG_WARN_NON_LITERAL_NULL_CONVERSION = YES;
				CLANG_WARN_OBJC_IMPLICIT_RETAIN_SELF = YES;
				CLANG_WARN_OBJC_LITERAL_CONVERSION = YES;
				CLANG_WARN_OBJC_ROOT_CLASS = YES_ERROR;
				CLANG_WARN_QUOTED_INCLUDE_IN_FRAMEWORK_HEADER = YES;
				CLANG_WARN_RANGE_LOOP_ANALYSIS = YES;
				CLANG_WARN_STRICT_PROTOTYPES = YES;
				CLANG_WARN_SUSPICIOUS_MOVE = YES;
				CLANG_WARN_UNGUARDED_AVAILABILITY = YES_AGGRESSIVE;
				CLANG_WARN_UNREACHABLE_CODE = YES;
				CLANG_WARN__DUPLICATE_METHOD_MATCH = YES;
				COPY_PHASE_STRIP = NO;
				DEBUG_INFORMATION_FORMAT = dwarf;
				ENABLE_STRICT_OBJC_MSGSEND = YES;
				ENABLE_TESTABILITY = YES;
				GCC_C_LANGUAGE_STANDARD = gnu11;
				GCC_DYNAMIC_NO_PIC = NO;
				GCC_NO_COMMON_BLOCKS = YES;
				GCC_OPTIMIZATION_LEVEL = 0;
				GCC_PREPROCESSOR_DEFINITIONS = (
					"DEBUG=1",
					"$(inherited)",
				);
				GCC_WARN_64_TO_32_BIT_CONVERSION = YES;
				GCC_WARN_ABOUT_RETURN_TYPE = YES_ERROR;
				GCC_WARN_UNDECLARED_SELECTOR = YES;
				GCC_WARN_UNINITIALIZED_AUTOS = YES_AGGRESSIVE;
				GCC_WARN_UNUSED_FUNCTION = YES;
				GCC_WARN_UNUSED_VARIABLE = YES;
				IPHONEOS_DEPLOYMENT_TARGET = 15.5;
				MTL_ENABLE_DEBUG_INFO = INCLUDE_SOURCE;
				MTL_FAST_MATH = YES;
				ONLY_ACTIVE_ARCH = YES;
				SDKROOT = iphoneos;
				SWIFT_ACTIVE_COMPILATION_CONDITIONS = DEBUG;
				SWIFT_OPTIMIZATION_LEVEL = "-Onone";
			};
			name = Debug;
		};
		0028E021294A80200088831A /* Release */ = {
			isa = XCBuildConfiguration;
			buildSettings = {
				ALWAYS_SEARCH_USER_PATHS = NO;
				CLANG_ANALYZER_NONNULL = YES;
				CLANG_ANALYZER_NUMBER_OBJECT_CONVERSION = YES_AGGRESSIVE;
				CLANG_CXX_LANGUAGE_STANDARD = "gnu++17";
				CLANG_ENABLE_MODULES = YES;
				CLANG_ENABLE_OBJC_ARC = YES;
				CLANG_ENABLE_OBJC_WEAK = YES;
				CLANG_WARN_BLOCK_CAPTURE_AUTORELEASING = YES;
				CLANG_WARN_BOOL_CONVERSION = YES;
				CLANG_WARN_COMMA = YES;
				CLANG_WARN_CONSTANT_CONVERSION = YES;
				CLANG_WARN_DEPRECATED_OBJC_IMPLEMENTATIONS = YES;
				CLANG_WARN_DIRECT_OBJC_ISA_USAGE = YES_ERROR;
				CLANG_WARN_DOCUMENTATION_COMMENTS = YES;
				CLANG_WARN_EMPTY_BODY = YES;
				CLANG_WARN_ENUM_CONVERSION = YES;
				CLANG_WARN_INFINITE_RECURSION = YES;
				CLANG_WARN_INT_CONVERSION = YES;
				CLANG_WARN_NON_LITERAL_NULL_CONVERSION = YES;
				CLANG_WARN_OBJC_IMPLICIT_RETAIN_SELF = YES;
				CLANG_WARN_OBJC_LITERAL_CONVERSION = YES;
				CLANG_WARN_OBJC_ROOT_CLASS = YES_ERROR;
				CLANG_WARN_QUOTED_INCLUDE_IN_FRAMEWORK_HEADER = YES;
				CLANG_WARN_RANGE_LOOP_ANALYSIS = YES;
				CLANG_WARN_STRICT_PROTOTYPES = YES;
				CLANG_WARN_SUSPICIOUS_MOVE = YES;
				CLANG_WARN_UNGUARDED_AVAILABILITY = YES_AGGRESSIVE;
				CLANG_WARN_UNREACHABLE_CODE = YES;
				CLANG_WARN__DUPLICATE_METHOD_MATCH = YES;
				COPY_PHASE_STRIP = NO;
				DEBUG_INFORMATION_FORMAT = "dwarf-with-dsym";
				ENABLE_NS_ASSERTIONS = NO;
				ENABLE_STRICT_OBJC_MSGSEND = YES;
				GCC_C_LANGUAGE_STANDARD = gnu11;
				GCC_NO_COMMON_BLOCKS = YES;
				GCC_WARN_64_TO_32_BIT_CONVERSION = YES;
				GCC_WARN_ABOUT_RETURN_TYPE = YES_ERROR;
				GCC_WARN_UNDECLARED_SELECTOR = YES;
				GCC_WARN_UNINITIALIZED_AUTOS = YES_AGGRESSIVE;
				GCC_WARN_UNUSED_FUNCTION = YES;
				GCC_WARN_UNUSED_VARIABLE = YES;
				IPHONEOS_DEPLOYMENT_TARGET = 15.5;
				MTL_ENABLE_DEBUG_INFO = NO;
				MTL_FAST_MATH = YES;
				SDKROOT = iphoneos;
				SWIFT_COMPILATION_MODE = wholemodule;
				SWIFT_OPTIMIZATION_LEVEL = "-O";
				VALIDATE_PRODUCT = YES;
			};
			name = Release;
		};
		0028E023294A80200088831A /* Debug */ = {
			isa = XCBuildConfiguration;
			buildSettings = {
				ALWAYS_EMBED_SWIFT_STANDARD_LIBRARIES = YES;
				ASSETCATALOG_COMPILER_APPICON_NAME = AppIcon;
				ASSETCATALOG_COMPILER_GLOBAL_ACCENT_COLOR_NAME = AccentColor;
				CODE_SIGN_STYLE = Automatic;
				CURRENT_PROJECT_VERSION = 1;
				DEVELOPMENT_ASSET_PATHS = "\"Widget/Preview Content\"";
				DEVELOPMENT_TEAM = ZC2GXQABY4;
				ENABLE_PREVIEWS = YES;
				GENERATE_INFOPLIST_FILE = YES;
				INFOPLIST_KEY_UIApplicationSceneManifest_Generation = YES;
				INFOPLIST_KEY_UIApplicationSupportsIndirectInputEvents = YES;
				INFOPLIST_KEY_UILaunchScreen_Generation = YES;
				INFOPLIST_KEY_UISupportedInterfaceOrientations_iPad = "UIInterfaceOrientationPortrait UIInterfaceOrientationPortraitUpsideDown UIInterfaceOrientationLandscapeLeft UIInterfaceOrientationLandscapeRight";
				INFOPLIST_KEY_UISupportedInterfaceOrientations_iPhone = "UIInterfaceOrientationPortrait UIInterfaceOrientationLandscapeLeft UIInterfaceOrientationLandscapeRight";
				LD_RUNPATH_SEARCH_PATHS = (
					"$(inherited)",
					"@executable_path/Frameworks",
				);
				MARKETING_VERSION = 1.0;
				PRODUCT_BUNDLE_IDENTIFIER = SelenaGarciaLobo.Widget;
				PRODUCT_NAME = "$(TARGET_NAME)";
				SWIFT_EMIT_LOC_STRINGS = YES;
				SWIFT_VERSION = 5.0;
				TARGETED_DEVICE_FAMILY = "1,2";
			};
			name = Debug;
		};
		0028E024294A80200088831A /* Release */ = {
			isa = XCBuildConfiguration;
			buildSettings = {
				ALWAYS_EMBED_SWIFT_STANDARD_LIBRARIES = YES;
				ASSETCATALOG_COMPILER_APPICON_NAME = AppIcon;
				ASSETCATALOG_COMPILER_GLOBAL_ACCENT_COLOR_NAME = AccentColor;
				CODE_SIGN_STYLE = Automatic;
				CURRENT_PROJECT_VERSION = 1;
				DEVELOPMENT_ASSET_PATHS = "\"Widget/Preview Content\"";
				DEVELOPMENT_TEAM = ZC2GXQABY4;
				ENABLE_PREVIEWS = YES;
				GENERATE_INFOPLIST_FILE = YES;
				INFOPLIST_KEY_UIApplicationSceneManifest_Generation = YES;
				INFOPLIST_KEY_UIApplicationSupportsIndirectInputEvents = YES;
				INFOPLIST_KEY_UILaunchScreen_Generation = YES;
				INFOPLIST_KEY_UISupportedInterfaceOrientations_iPad = "UIInterfaceOrientationPortrait UIInterfaceOrientationPortraitUpsideDown UIInterfaceOrientationLandscapeLeft UIInterfaceOrientationLandscapeRight";
				INFOPLIST_KEY_UISupportedInterfaceOrientations_iPhone = "UIInterfaceOrientationPortrait UIInterfaceOrientationLandscapeLeft UIInterfaceOrientationLandscapeRight";
				LD_RUNPATH_SEARCH_PATHS = (
					"$(inherited)",
					"@executable_path/Frameworks",
				);
				MARKETING_VERSION = 1.0;
				PRODUCT_BUNDLE_IDENTIFIER = SelenaGarciaLobo.Widget;
				PRODUCT_NAME = "$(TARGET_NAME)";
				SWIFT_EMIT_LOC_STRINGS = YES;
				SWIFT_VERSION = 5.0;
				TARGETED_DEVICE_FAMILY = "1,2";
			};
			name = Release;
		};
		0028E039294A80AF0088831A /* Debug */ = {
			isa = XCBuildConfiguration;
			buildSettings = {
				ASSETCATALOG_COMPILER_GLOBAL_ACCENT_COLOR_NAME = AccentColor;
				ASSETCATALOG_COMPILER_WIDGET_BACKGROUND_COLOR_NAME = WidgetBackground;
				CODE_SIGN_STYLE = Automatic;
				CURRENT_PROJECT_VERSION = 1;
				DEVELOPMENT_TEAM = ZC2GXQABY4;
				GENERATE_INFOPLIST_FILE = YES;
				INFOPLIST_FILE = firstWidget/Info.plist;
				INFOPLIST_KEY_CFBundleDisplayName = firstWidget;
				INFOPLIST_KEY_NSHumanReadableCopyright = "";
				LD_RUNPATH_SEARCH_PATHS = (
					"$(inherited)",
					"@executable_path/Frameworks",
					"@executable_path/../../Frameworks",
				);
				MARKETING_VERSION = 1.0;
				PRODUCT_BUNDLE_IDENTIFIER = SelenaGarciaLobo.Widget.firstWidget;
				PRODUCT_NAME = "$(TARGET_NAME)";
				SKIP_INSTALL = YES;
				SWIFT_EMIT_LOC_STRINGS = YES;
				SWIFT_VERSION = 5.0;
				TARGETED_DEVICE_FAMILY = "1,2";
			};
			name = Debug;
		};
		0028E03A294A80AF0088831A /* Release */ = {
			isa = XCBuildConfiguration;
			buildSettings = {
				ASSETCATALOG_COMPILER_GLOBAL_ACCENT_COLOR_NAME = AccentColor;
				ASSETCATALOG_COMPILER_WIDGET_BACKGROUND_COLOR_NAME = WidgetBackground;
				CODE_SIGN_STYLE = Automatic;
				CURRENT_PROJECT_VERSION = 1;
				DEVELOPMENT_TEAM = ZC2GXQABY4;
				GENERATE_INFOPLIST_FILE = YES;
				INFOPLIST_FILE = firstWidget/Info.plist;
				INFOPLIST_KEY_CFBundleDisplayName = firstWidget;
				INFOPLIST_KEY_NSHumanReadableCopyright = "";
				LD_RUNPATH_SEARCH_PATHS = (
					"$(inherited)",
					"@executable_path/Frameworks",
					"@executable_path/../../Frameworks",
				);
				MARKETING_VERSION = 1.0;
				PRODUCT_BUNDLE_IDENTIFIER = SelenaGarciaLobo.Widget.firstWidget;
				PRODUCT_NAME = "$(TARGET_NAME)";
				SKIP_INSTALL = YES;
				SWIFT_EMIT_LOC_STRINGS = YES;
				SWIFT_VERSION = 5.0;
				TARGETED_DEVICE_FAMILY = "1,2";
			};
			name = Release;
		};
/* End XCBuildConfiguration section */

/* Begin XCConfigurationList section */
		0028E00F294A801E0088831A /* Build configuration list for PBXProject "Widget" */ = {
			isa = XCConfigurationList;
			buildConfigurations = (
				0028E020294A80200088831A /* Debug */,
				0028E021294A80200088831A /* Release */,
			);
			defaultConfigurationIsVisible = 0;
			defaultConfigurationName = Release;
		};
		0028E022294A80200088831A /* Build configuration list for PBXNativeTarget "Widget" */ = {
			isa = XCConfigurationList;
			buildConfigurations = (
				0028E023294A80200088831A /* Debug */,
				0028E024294A80200088831A /* Release */,
			);
			defaultConfigurationIsVisible = 0;
			defaultConfigurationName = Release;
		};
		0028E038294A80AF0088831A /* Build configuration list for PBXNativeTarget "firstWidgetExtension" */ = {
			isa = XCConfigurationList;
			buildConfigurations = (
				0028E039294A80AF0088831A /* Debug */,
				0028E03A294A80AF0088831A /* Release */,
			);
			defaultConfigurationIsVisible = 0;
			defaultConfigurationName = Release;
		};
/* End XCConfigurationList section */
	};
	rootObject = 0028E00C294A801E0088831A /* Project object */;
}
